Microsoft Visual Studio Solution File, Format Version 12.00
# Visual Studio Version 16
VisualStudioVersion = 16.0.31001.10
MinimumVisualStudioVersion = 10.0.40219.1
Project("{FAE04EC0-301F-11D3-BF4B-00C04F79EFBC}") = "MobCATOrNot.Droid", "MobCATOrNot.Android\MobCATOrNot.Droid.csproj", "{C9D4A71D-FA14-42BC-9A03-E3C3390FA8D2}"
EndProject
Project("{FAE04EC0-301F-11D3-BF4B-00C04F79EFBC}") = "MobCATOrNot.iOS", "MobCATOrNot.iOS\MobCATOrNot.iOS.csproj", "{0FD89A0B-16B6-48B1-97B4-462428EF710E}"
EndProject
Project("{9A19103F-16F7-4668-BE54-9A1E7A4F7556}") = "MobCATOrNot", "MobCATOrNot\MobCATOrNot.csproj", "{A7295FA9-27F5-4265-98C7-F2C383B1C1FA}"
EndProject
Project("{9A19103F-16F7-4668-BE54-9A1E7A4F7556}") = "MobCATOrNot.Functions", "MobCATOrNot.Functions\MobCATOrNot.Functions.csproj", "{E4C286E9-D840-47F7-948F-19B9FF0E0712}"
EndProject
Global
	GlobalSection(SolutionConfigurationPlatforms) = preSolution
		Ad-Hoc|Any CPU = Ad-Hoc|Any CPU
		Ad-Hoc|iPhone = Ad-Hoc|iPhone
		Ad-Hoc|iPhoneSimulator = Ad-Hoc|iPhoneSimulator
		AppStore|Any CPU = AppStore|Any CPU
		AppStore|iPhone = AppStore|iPhone
		AppStore|iPhoneSimulator = AppStore|iPhoneSimulator
		Debug|Any CPU = Debug|Any CPU
		Debug|iPhone = Debug|iPhone
		Debug|iPhoneSimulator = Debug|iPhoneSimulator
		Release|Any CPU = Release|Any CPU
		Release|iPhone = Release|iPhone
		Release|iPhoneSimulator = Release|iPhoneSimulator
	EndGlobalSection
	GlobalSection(ProjectConfigurationPlatforms) = postSolution
		{C9D4A71D-FA14-42BC-9A03-E3C3390FA8D2}.Ad-Hoc|Any CPU.ActiveCfg = Release|Any CPU
		{C9D4A71D-FA14-42BC-9A03-E3C3390FA8D2}.Ad-Hoc|Any CPU.Build.0 = Release|Any CPU
		{C9D4A71D-FA14-42BC-9A03-E3C3390FA8D2}.Ad-Hoc|Any CPU.Deploy.0 = Release|Any CPU
		{C9D4A71D-FA14-42BC-9A03-E3C3390FA8D2}.Ad-Hoc|iPhone.ActiveCfg = Debug|Any CPU
		{C9D4A71D-FA14-42BC-9A03-E3C3390FA8D2}.Ad-Hoc|iPhone.Build.0 = Debug|Any CPU
		{C9D4A71D-FA14-42BC-9A03-E3C3390FA8D2}.Ad-Hoc|iPhoneSimulator.ActiveCfg = Release|Any CPU
		{C9D4A71D-FA14-42BC-9A03-E3C3390FA8D2}.Ad-Hoc|iPhoneSimulator.Build.0 = Release|Any CPU
		{C9D4A71D-FA14-42BC-9A03-E3C3390FA8D2}.Ad-Hoc|iPhoneSimulator.Deploy.0 = Release|Any CPU
		{C9D4A71D-FA14-42BC-9A03-E3C3390FA8D2}.AppStore|Any CPU.ActiveCfg = Release|Any CPU
		{C9D4A71D-FA14-42BC-9A03-E3C3390FA8D2}.AppStore|Any CPU.Build.0 = Release|Any CPU
		{C9D4A71D-FA14-42BC-9A03-E3C3390FA8D2}.AppStore|Any CPU.Deploy.0 = Release|Any CPU
		{C9D4A71D-FA14-42BC-9A03-E3C3390FA8D2}.AppStore|iPhone.ActiveCfg = Debug|Any CPU
		{C9D4A71D-FA14-42BC-9A03-E3C3390FA8D2}.AppStore|iPhone.Build.0 = Debug|Any CPU
		{C9D4A71D-FA14-42BC-9A03-E3C3390FA8D2}.AppStore|iPhoneSimulator.ActiveCfg = Release|Any CPU
		{C9D4A71D-FA14-42BC-9A03-E3C3390FA8D2}.AppStore|iPhoneSimulator.Build.0 = Release|Any CPU
		{C9D4A71D-FA14-42BC-9A03-E3C3390FA8D2}.AppStore|iPhoneSimulator.Deploy.0 = Release|Any CPU
		{C9D4A71D-FA14-42BC-9A03-E3C3390FA8D2}.Debug|Any CPU.ActiveCfg = Debug|Any CPU
		{C9D4A71D-FA14-42BC-9A03-E3C3390FA8D2}.Debug|Any CPU.Build.0 = Debug|Any CPU
		{C9D4A71D-FA14-42BC-9A03-E3C3390FA8D2}.Debug|iPhone.ActiveCfg = Debug|Any CPU
		{C9D4A71D-FA14-42BC-9A03-E3C3390FA8D2}.Debug|iPhoneSimulator.ActiveCfg = Debug|Any CPU
		{C9D4A71D-FA14-42BC-9A03-E3C3390FA8D2}.Debug|iPhoneSimulator.Build.0 = Debug|Any CPU
		{C9D4A71D-FA14-42BC-9A03-E3C3390FA8D2}.Release|Any CPU.ActiveCfg = Release|Any CPU
		{C9D4A71D-FA14-42BC-9A03-E3C3390FA8D2}.Release|Any CPU.Build.0 = Release|Any CPU
		{C9D4A71D-FA14-42BC-9A03-E3C3390FA8D2}.Release|iPhone.ActiveCfg = Release|Any CPU
		{C9D4A71D-FA14-42BC-9A03-E3C3390FA8D2}.Release|iPhone.Build.0 = Release|Any CPU
		{C9D4A71D-FA14-42BC-9A03-E3C3390FA8D2}.Release|iPhoneSimulator.ActiveCfg = Release|Any CPU
		{C9D4A71D-FA14-42BC-9A03-E3C3390FA8D2}.Release|iPhoneSimulator.Build.0 = Release|Any CPU
		{0FD89A0B-16B6-48B1-97B4-462428EF710E}.Ad-Hoc|Any CPU.ActiveCfg = Ad-Hoc|iPhoneSimulator
		{0FD89A0B-16B6-48B1-97B4-462428EF710E}.Ad-Hoc|iPhone.ActiveCfg = Ad-Hoc|iPhone
		{0FD89A0B-16B6-48B1-97B4-462428EF710E}.Ad-Hoc|iPhone.Build.0 = Ad-Hoc|iPhone
		{0FD89A0B-16B6-48B1-97B4-462428EF710E}.Ad-Hoc|iPhoneSimulator.ActiveCfg = Ad-Hoc|iPhoneSimulator
		{0FD89A0B-16B6-48B1-97B4-462428EF710E}.Ad-Hoc|iPhoneSimulator.Build.0 = Ad-Hoc|iPhoneSimulator
		{0FD89A0B-16B6-48B1-97B4-462428EF710E}.AppStore|Any CPU.ActiveCfg = AppStore|iPhoneSimulator
		{0FD89A0B-16B6-48B1-97B4-462428EF710E}.AppStore|iPhone.ActiveCfg = AppStore|iPhone
		{0FD89A0B-16B6-48B1-97B4-462428EF710E}.AppStore|iPhone.Build.0 = AppStore|iPhone
		{0FD89A0B-16B6-48B1-97B4-462428EF710E}.AppStore|iPhoneSimulator.ActiveCfg = AppStore|iPhoneSimulator
		{0FD89A0B-16B6-48B1-97B4-462428EF710E}.AppStore|iPhoneSimulator.Build.0 = AppStore|iPhoneSimulator
		{0FD89A0B-16B6-48B1-97B4-462428EF710E}.Debug|Any CPU.ActiveCfg = Debug|iPhoneSimulator
		{0FD89A0B-16B6-48B1-97B4-462428EF710E}.Debug|Any CPU.Build.0 = Debug|iPhoneSimulator
		{0FD89A0B-16B6-48B1-97B4-462428EF710E}.Debug|iPhone.ActiveCfg = Debug|iPhone
		{0FD89A0B-16B6-48B1-97B4-462428EF710E}.Debug|iPhone.Build.0 = Debug|iPhone
		{0FD89A0B-16B6-48B1-97B4-462428EF710E}.Debug|iPhone.Deploy.0 = Debug|iPhone
		{0FD89A0B-16B6-48B1-97B4-462428EF710E}.Debug|iPhoneSimulator.ActiveCfg = Debug|iPhoneSimulator
		{0FD89A0B-16B6-48B1-97B4-462428EF710E}.Debug|iPhoneSimulator.Build.0 = Debug|iPhoneSimulator
		{0FD89A0B-16B6-48B1-97B4-462428EF710E}.Release|Any CPU.ActiveCfg = Release|iPhoneSimulator
		{0FD89A0B-16B6-48B1-97B4-462428EF710E}.Release|Any CPU.Build.0 = Release|iPhoneSimulator
		{0FD89A0B-16B6-48B1-97B4-462428EF710E}.Release|iPhone.ActiveCfg = Release|iPhone
		{0FD89A0B-16B6-48B1-97B4-462428EF710E}.Release|iPhone.Build.0 = Release|iPhone
		{0FD89A0B-16B6-48B1-97B4-462428EF710E}.Release|iPhoneSimulator.ActiveCfg = Release|iPhoneSimulator
		{0FD89A0B-16B6-48B1-97B4-462428EF710E}.Release|iPhoneSimulator.Build.0 = Release|iPhoneSimulator
		{A7295FA9-27F5-4265-98C7-F2C383B1C1FA}.Ad-Hoc|Any CPU.ActiveCfg = Release|Any CPU
		{A7295FA9-27F5-4265-98C7-F2C383B1C1FA}.Ad-Hoc|Any CPU.Build.0 = Release|Any CPU
		{A7295FA9-27F5-4265-98C7-F2C383B1C1FA}.Ad-Hoc|iPhone.ActiveCfg = Debug|Any CPU
		{A7295FA9-27F5-4265-98C7-F2C383B1C1FA}.Ad-Hoc|iPhone.Build.0 = Debug|Any CPU
		{A7295FA9-27F5-4265-98C7-F2C383B1C1FA}.Ad-Hoc|iPhoneSimulator.ActiveCfg = Release|Any CPU
		{A7295FA9-27F5-4265-98C7-F2C383B1C1FA}.Ad-Hoc|iPhoneSimulator.Build.0 = Release|Any CPU
		{A7295FA9-27F5-4265-98C7-F2C383B1C1FA}.AppStore|Any CPU.ActiveCfg = Release|Any CPU
		{A7295FA9-27F5-4265-98C7-F2C383B1C1FA}.AppStore|Any CPU.Build.0 = Release|Any CPU
		{A7295FA9-27F5-4265-98C7-F2C383B1C1FA}.AppStore|iPhone.ActiveCfg = Debug|Any CPU
		{A7295FA9-27F5-4265-98C7-F2C383B1C1FA}.AppStore|iPhone.Build.0 = Debug|Any CPU
		{A7295FA9-27F5-4265-98C7-F2C383B1C1FA}.AppStore|iPhoneSimulator.ActiveCfg = Release|Any CPU
		{A7295FA9-27F5-4265-98C7-F2C383B1C1FA}.AppStore|iPhoneSimulator.Build.0 = Release|Any CPU
		{A7295FA9-27F5-4265-98C7-F2C383B1C1FA}.Debug|Any CPU.ActiveCfg = Debug|Any CPU
		{A7295FA9-27F5-4265-98C7-F2C383B1C1FA}.Debug|Any CPU.Build.0 = Debug|Any CPU
		{A7295FA9-27F5-4265-98C7-F2C383B1C1FA}.Debug|iPhone.ActiveCfg = Debug|Any CPU
		{A7295FA9-27F5-4265-98C7-F2C383B1C1FA}.Debug|iPhone.Build.0 = Debug|Any CPU
		{A7295FA9-27F5-4265-98C7-F2C383B1C1FA}.Debug|iPhoneSimulator.ActiveCfg = Debug|Any CPU
		{A7295FA9-27F5-4265-98C7-F2C383B1C1FA}.Debug|iPhoneSimulator.Build.0 = Debug|Any CPU
		{A7295FA9-27F5-4265-98C7-F2C383B1C1FA}.Release|Any CPU.ActiveCfg = Release|Any CPU
		{A7295FA9-27F5-4265-98C7-F2C383B1C1FA}.Release|Any CPU.Build.0 = Release|Any CPU
		{A7295FA9-27F5-4265-98C7-F2C383B1C1FA}.Release|iPhone.ActiveCfg = Release|Any CPU
		{A7295FA9-27F5-4265-98C7-F2C383B1C1FA}.Release|iPhone.Build.0 = Release|Any CPU
		{A7295FA9-27F5-4265-98C7-F2C383B1C1FA}.Release|iPhoneSimulator.ActiveCfg = Release|Any CPU
		{A7295FA9-27F5-4265-98C7-F2C383B1C1FA}.Release|iPhoneSimulator.Build.0 = Release|Any CPU
		{E4C286E9-D840-47F7-948F-19B9FF0E0712}.Ad-Hoc|Any CPU.ActiveCfg = Debug|Any CPU
		{E4C286E9-D840-47F7-948F-19B9FF0E0712}.Ad-Hoc|Any CPU.Build.0 = Debug|Any CPU
		{E4C286E9-D840-47F7-948F-19B9FF0E0712}.Ad-Hoc|iPhone.ActiveCfg = Release|Any CPU
		{E4C286E9-D840-47F7-948F-19B9FF0E0712}.Ad-Hoc|iPhone.Build.0 = Release|Any CPU
		{E4C286E9-D840-47F7-948F-19B9FF0E0712}.Ad-Hoc|iPhoneSimulator.ActiveCfg = Debug|Any CPU
		{E4C286E9-D840-47F7-948F-19B9FF0E0712}.Ad-Hoc|iPhoneSimulator.Build.0 = Debug|Any CPU
		{E4C286E9-D840-47F7-948F-19B9FF0E0712}.AppStore|Any CPU.ActiveCfg = Debug|Any CPU
		{E4C286E9-D840-47F7-948F-19B9FF0E0712}.AppStore|Any CPU.Build.0 = Debug|Any CPU
		{E4C286E9-D840-47F7-948F-19B9FF0E0712}.AppStore|iPhone.ActiveCfg = Release|Any CPU
		{E4C286E9-D840-47F7-948F-19B9FF0E0712}.AppStore|iPhone.Build.0 = Release|Any CPU
		{E4C286E9-D840-47F7-948F-19B9FF0E0712}.AppStore|iPhoneSimulator.ActiveCfg = Debug|Any CPU
		{E4C286E9-D840-47F7-948F-19B9FF0E0712}.AppStore|iPhoneSimulator.Build.0 = Debug|Any CPU
		{E4C286E9-D840-47F7-948F-19B9FF0E0712}.Debug|Any CPU.ActiveCfg = Debug|Any CPU
		{E4C286E9-D840-47F7-948F-19B9FF0E0712}.Debug|Any CPU.Build.0 = Debug|Any CPU
		{E4C286E9-D840-47F7-948F-19B9FF0E0712}.Debug|iPhone.ActiveCfg = Debug|Any CPU
		{E4C286E9-D840-47F7-948F-19B9FF0E0712}.Debug|iPhoneSimulator.ActiveCfg = Debug|Any CPU
		{E4C286E9-D840-47F7-948F-19B9FF0E0712}.Debug|iPhoneSimulator.Build.0 = Debug|Any CPU
		{E4C286E9-D840-47F7-948F-19B9FF0E0712}.Release|Any CPU.ActiveCfg = Release|Any CPU
		{E4C286E9-D840-47F7-948F-19B9FF0E0712}.Release|Any CPU.Build.0 = Release|Any CPU
		{E4C286E9-D840-47F7-948F-19B9FF0E0712}.Release|iPhone.ActiveCfg = Release|Any CPU
		{E4C286E9-D840-47F7-948F-19B9FF0E0712}.Release|iPhone.Build.0 = Release|Any CPU
		{E4C286E9-D840-47F7-948F-19B9FF0E0712}.Release|iPhoneSimulator.ActiveCfg = Release|Any CPU
		{E4C286E9-D840-47F7-948F-19B9FF0E0712}.Release|iPhoneSimulator.Build.0 = Release|Any CPU
	EndGlobalSection
	GlobalSection(SolutionProperties) = preSolution
		HideSolutionNode = FALSE
	EndGlobalSection
	GlobalSection(ExtensibilityGlobals) = postSolution
		SolutionGuid = {9C08350B-EF84-4FB4-AB3E-6C8DB0B6202E}
	EndGlobalSection
EndGlobal
